Microsoft Visual Studio Solution File, Format Version 12.00
# Visual Studio Version 17
VisualStudioVersion = 17.5.2.0
MinimumVisualStudioVersion = 10.0.40219.1
Project("{FAE04EC0-301F-11D3-BF4B-00C04F79EFBC}") = "EimaFunctions", "EimaFunctions.csproj", "{42089E4E-6F61-38E9-55EA-04CCF3976CD1}"
EndProject
Project("{FAE04EC0-301F-11D3-BF4B-00C04F79EFBC}") = "EimaFunctions.Tests", "..\EimaFunctions.Tests\EimaFunctions.Tests.csproj", "{6D883A13-D6C5-406A-87DC-AEAD49BCFD91}"
EndProject
Global
	GlobalSection(SolutionConfigurationPlatforms) = preSolution
		Debug|Any CPU = Debug|Any CPU
		Release|Any CPU = Release|Any CPU
	EndGlobalSection
	GlobalSection(ProjectConfigurationPlatforms) = postSolution
		{42089E4E-6F61-38E9-55EA-04CCF3976CD1}.Debug|Any CPU.ActiveCfg = Debug|Any CPU
		{42089E4E-6F61-38E9-55EA-04CCF3976CD1}.Debug|Any CPU.Build.0 = Debug|Any CPU
		{42089E4E-6F61-38E9-55EA-04CCF3976CD1}.Release|Any CPU.ActiveCfg = Release|Any CPU
		{42089E4E-6F61-38E9-55EA-04CCF3976CD1}.Release|Any CPU.Build.0 = Release|Any CPU
		{6D883A13-D6C5-406A-87DC-AEAD49BCFD91}.Debug|Any CPU.ActiveCfg = Debug|Any CPU
		{6D883A13-D6C5-406A-87DC-AEAD49BCFD91}.Debug|Any CPU.Build.0 = Debug|Any CPU
		{6D883A13-D6C5-406A-87DC-AEAD49BCFD91}.Release|Any CPU.ActiveCfg = Release|Any CPU
		{6D883A13-D6C5-406A-87DC-AEAD49BCFD91}.Release|Any CPU.Build.0 = Release|Any CPU
	EndGlobalSection
	GlobalSection(SolutionProperties) = preSolution
		HideSolutionNode = FALSE
	EndGlobalSection
	GlobalSection(ExtensibilityGlobals) = postSolution
		SolutionGuid = {C5B022FC-EC39-492E-9F34-E7FDCE300D71}
	EndGlobalSection
EndGlobal
